
Microsoft Visual Studio Solution File, Format Version 12.00
# Visual Studio Version 17
VisualStudioVersion = 17.8.34525.116
MinimumVisualStudioVersion = 10.0.40219.1
Project("{FAE04EC0-301F-11D3-BF4B-00C04F79EFBC}") = "PrayTimesHttpClient", "PrayTimesHttpClient\PrayTimesHttpClient.csproj", "{D0A4D758-D3B4-4107-8DEA-6A47E661F83A}"
EndProject
Global
	GlobalSection(SolutionConfigurationPlatforms) = preSolution
		Debug|Any CPU = Debug|Any CPU
		Release|Any CPU = Release|Any CPU
	EndGlobalSection
	GlobalSection(ProjectConfigurationPlatforms) = postSolution
		{D0A4D758-D3B4-4107-8DEA-6A47E661F83A}.Debug|Any CPU.ActiveCfg = Debug|Any CPU
		{D0A4D758-D3B4-4107-8DEA-6A47E661F83A}.Debug|Any CPU.Build.0 = Debug|Any CPU
		{D0A4D758-D3B4-4107-8DEA-6A47E661F83A}.Release|Any CPU.ActiveCfg = Release|Any CPU
		{D0A4D758-D3B4-4107-8DEA-6A47E661F83A}.Release|Any CPU.Build.0 = Release|Any CPU
	EndGlobalSection
	GlobalSection(SolutionProperties) = preSolution
		HideSolutionNode = FALSE
	EndGlobalSection
	GlobalSection(ExtensibilityGlobals) = postSolution
		SolutionGuid = {B46CC216-33AD-41AE-B25C-C648024551EE}
	EndGlobalSection
EndGlobal
